
Microsoft Visual Studio Solution File, Format Version 12.00
# Visual Studio Version 16
VisualStudioVersion = 16.0.31205.134
MinimumVisualStudioVersion = 10.0.40219.1
Project("{9A19103F-16F7-4668-BE54-9A1E7A4F7556}") = "FundRaising.Core", "FundRaising.Core\FundRaising.Core.csproj", "{67E0092F-34A7-44EE-AC71-F17655E13E7F}"
EndProject
Project("{9A19103F-16F7-4668-BE54-9A1E7A4F7556}") = "FundRaising.Console", "ConsoleApp2\FundRaising.Console.csproj", "{84734671-7FD0-4C66-BA8A-2AD66DB6F563}"
EndProject
Global
	GlobalSection(SolutionConfigurationPlatforms) = preSolution
		Debug|Any CPU = Debug|Any CPU
		Release|Any CPU = Release|Any CPU
	EndGlobalSection
	GlobalSection(ProjectConfigurationPlatforms) = postSolution
		{67E0092F-34A7-44EE-AC71-F17655E13E7F}.Debug|Any CPU.ActiveCfg = Debug|Any CPU
		{67E0092F-34A7-44EE-AC71-F17655E13E7F}.Debug|Any CPU.Build.0 = Debug|Any CPU
		{67E0092F-34A7-44EE-AC71-F17655E13E7F}.Release|Any CPU.ActiveCfg = Release|Any CPU
		{67E0092F-34A7-44EE-AC71-F17655E13E7F}.Release|Any CPU.Build.0 = Release|Any CPU
		{84734671-7FD0-4C66-BA8A-2AD66DB6F563}.Debug|Any CPU.ActiveCfg = Debug|Any CPU
		{84734671-7FD0-4C66-BA8A-2AD66DB6F563}.Debug|Any CPU.Build.0 = Debug|Any CPU
		{84734671-7FD0-4C66-BA8A-2AD66DB6F563}.Release|Any CPU.ActiveCfg = Release|Any CPU
		{84734671-7FD0-4C66-BA8A-2AD66DB6F563}.Release|Any CPU.Build.0 = Release|Any CPU
	EndGlobalSection
	GlobalSection(SolutionProperties) = preSolution
		HideSolutionNode = FALSE
	EndGlobalSection
	GlobalSection(ExtensibilityGlobals) = postSolution
		SolutionGuid = {6EE8D0FB-C76A-468C-8B15-20467C28C74A}
	EndGlobalSection
EndGlobal
